
Microsoft Visual Studio Solution File, Format Version 12.00
# Visual Studio Version 17
VisualStudioVersion = 17.8.34322.80
MinimumVisualStudioVersion = 10.0.40219.1
Project("{9A19103F-16F7-4668-BE54-9A1E7A4F7556}") = "Book.Frontend", "Accounting.Frontend\Book.Frontend.csproj", "{49F27897-768A-46F7-8DF1-980A7F22B9CD}"
EndProject
Project("{9A19103F-16F7-4668-BE54-9A1E7A4F7556}") = "Book.Backend", "Accounting.Backend\Book.Backend.csproj", "{1B5754CB-37C1-4D17-B038-6CCC064C0A69}"
EndProject
Project("{9A19103F-16F7-4668-BE54-9A1E7A4F7556}") = "Book.Common", "Accounting.Common\Book.Common.csproj", "{5C3CC6BC-77B5-4A86-B7DB-7D879910E1B0}"
EndProject
Global
	GlobalSection(SolutionConfigurationPlatforms) = preSolution
		Debug|Any CPU = Debug|Any CPU
		Release|Any CPU = Release|Any CPU
	EndGlobalSection
	GlobalSection(ProjectConfigurationPlatforms) = postSolution
		{49F27897-768A-46F7-8DF1-980A7F22B9CD}.Debug|Any CPU.ActiveCfg = Debug|Any CPU
		{49F27897-768A-46F7-8DF1-980A7F22B9CD}.Debug|Any CPU.Build.0 = Debug|Any CPU
		{49F27897-768A-46F7-8DF1-980A7F22B9CD}.Release|Any CPU.ActiveCfg = Release|Any CPU
		{49F27897-768A-46F7-8DF1-980A7F22B9CD}.Release|Any CPU.Build.0 = Release|Any CPU
		{1B5754CB-37C1-4D17-B038-6CCC064C0A69}.Debug|Any CPU.ActiveCfg = Debug|Any CPU
		{1B5754CB-37C1-4D17-B038-6CCC064C0A69}.Debug|Any CPU.Build.0 = Debug|Any CPU
		{1B5754CB-37C1-4D17-B038-6CCC064C0A69}.Release|Any CPU.ActiveCfg = Release|Any CPU
		{1B5754CB-37C1-4D17-B038-6CCC064C0A69}.Release|Any CPU.Build.0 = Release|Any CPU
		{5C3CC6BC-77B5-4A86-B7DB-7D879910E1B0}.Debug|Any CPU.ActiveCfg = Debug|Any CPU
		{5C3CC6BC-77B5-4A86-B7DB-7D879910E1B0}.Debug|Any CPU.Build.0 = Debug|Any CPU
		{5C3CC6BC-77B5-4A86-B7DB-7D879910E1B0}.Release|Any CPU.ActiveCfg = Release|Any CPU
		{5C3CC6BC-77B5-4A86-B7DB-7D879910E1B0}.Release|Any CPU.Build.0 = Release|Any CPU
	EndGlobalSection
	GlobalSection(SolutionProperties) = preSolution
		HideSolutionNode = FALSE
	EndGlobalSection
	GlobalSection(ExtensibilityGlobals) = postSolution
		SolutionGuid = {81D48AD2-EB82-41C2-95EA-84205D97E91F}
	EndGlobalSection
EndGlobal
